// !$*UTF8*$!
{
	archiveVersion = 1;
	classes = {
	};
	objectVersion = 46;
	objects = {

/* Begin PBXBuildFile section */
		047CAFAA171311E500391308 /* File.png in Resources */ = {isa = PBXBuildFile; fileRef = 047CAFA6171311E500391308 /* File.png */; };
		047CAFAB171311E500391308 /* Folder.png in Resources */ = {isa = PBXBuildFile; fileRef = 047CAFA7171311E500391308 /* Folder.png */; };
		047CAFAC171311E500391308 /* FolderInternet.png in Resources */ = {isa = PBXBuildFile; fileRef = 047CAFA8171311E500391308 /* FolderInternet.png */; };
		047CAFAD171311E500391308 /* FileLocked.png in Resources */ = {isa = PBXBuildFile; fileRef = 047CAFA9171311E500391308 /* FileLocked.png */; };
		047FB9DB170F42D500126DBD /* UIKit.framework in Frameworks */ = {isa = PBXBuildFile; fileRef = 047FB9DA170F42D500126DBD /* UIKit.framework */; };
		047FB9DD170F42D500126DBD /* Foundation.framework in Frameworks */ = {isa = PBXBuildFile; fileRef = 047FB9DC170F42D500126DBD /* Foundation.framework */; };
		047FB9DF170F42D500126DBD /* CoreGraphics.framework in Frameworks */ = {isa = PBXBuildFile; fileRef = 047FB9DE170F42D500126DBD /* CoreGraphics.framework */; };
		047FB9E5170F42D500126DBD /* InfoPlist.strings in Resources */ = {isa = PBXBuildFile; fileRef = 047FB9E3170F42D500126DBD /* InfoPlist.strings */; };
		047FB9E7170F42D500126DBD /* main.m in Sources */ = {isa = PBXBuildFile; fileRef = 047FB9E6170F42D500126DBD /* main.m */; };
		047FB9EB170F42D500126DBD /* AppDelegate.m in Sources */ = {isa = PBXBuildFile; fileRef = 047FB9EA170F42D500126DBD /* AppDelegate.m */; };
		047FB9EE170F42D600126DBD /* ViewController.m in Sources */ = {isa = PBXBuildFile; fileRef = 047FB9ED170F42D600126DBD /* ViewController.m */; };
		047FB9F1170F42D600126DBD /* ViewController.xib in Resources */ = {isa = PBXBuildFile; fileRef = 047FB9EF170F42D600126DBD /* ViewController.xib */; };
		04F7C1071712D95B008D6EF4 /* DropboxSDK.framework in Frameworks */ = {isa = PBXBuildFile; fileRef = 04F7C1061712D95A008D6EF4 /* DropboxSDK.framework */; };
		04F7C10A1712D974008D6EF4 /* Security.framework in Frameworks */ = {isa = PBXBuildFile; fileRef = 04F7C1091712D973008D6EF4 /* Security.framework */; };
		04F7C10C1712D97C008D6EF4 /* QuartzCore.framework in Frameworks */ = {isa = PBXBuildFile; fileRef = 04F7C10B1712D97C008D6EF4 /* QuartzCore.framework */; };
/* End PBXBuildFile section */

/* Begin PBXFileReference section */
		047CAFA6171311E500391308 /* File.png */ = {isa = PBXFileReference; lastKnownFileType = image.png; path = File.png; sourceTree = "<group>"; };
		047CAFA7171311E500391308 /* Folder.png */ = {isa = PBXFileReference; lastKnownFileType = image.png; path = Folder.png; sourceTree = "<group>"; };
		047CAFA8171311E500391308 /* FolderInternet.png */ = {isa = PBXFileReference; lastKnownFileType = image.png; path = FolderInternet.png; sourceTree = "<group>"; };
		047CAFA9171311E500391308 /* FileLocked.png */ = {isa = PBXFileReference; lastKnownFileType = image.png; path = FileLocked.png; sourceTree = "<group>"; };
		047FB9D6170F42D500126DBD /* endbox.app */ = {isa = PBXFileReference; explicitFileType = wrapper.application; includeInIndex = 0; path = endbox.app; sourceTree = BUILT_PRODUCTS_DIR; };
		047FB9DA170F42D500126DBD /* UIKit.framework */ = {isa = PBXFileReference; lastKnownFileType = wrapper.framework; name = UIKit.framework; path = System/Library/Frameworks/UIKit.framework; sourceTree = SDKROOT; };
		047FB9DC170F42D500126DBD /* Foundation.framework */ = {isa = PBXFileReference; lastKnownFileType = wrapper.framework; name = Foundation.framework; path = System/Library/Frameworks/Foundation.framework; sourceTree = SDKROOT; };
		047FB9DE170F42D500126DBD /* CoreGraphics.framework */ = {isa = PBXFileReference; lastKnownFileType = wrapper.framework; name = CoreGraphics.framework; path = System/Library/Frameworks/CoreGraphics.framework; sourceTree = SDKROOT; };
		047FB9E2170F42D500126DBD /* endbox-Info.plist */ = {isa = PBXFileReference; lastKnownFileType = text.plist.xml; path = "endbox-Info.plist"; sourceTree = "<group>"; };
		047FB9E4170F42D500126DBD /* en */ = {isa = PBXFileReference; lastKnownFileType = text.plist.strings; name = en; path = en.lproj/InfoPlist.strings; sourceTree = "<group>"; };
		047FB9E6170F42D500126DBD /* main.m */ = {isa = PBXFileReference; lastKnownFileType = sourcecode.c.objc; path = main.m; sourceTree = "<group>"; };
		047FB9E8170F42D500126DBD /* endbox-Prefix.pch */ = {isa = PBXFileReference; lastKnownFileType = sourcecode.c.h; path = "endbox-Prefix.pch"; sourceTree = "<group>"; };
		047FB9E9170F42D500126DBD /* AppDelegate.h */ = {isa = PBXFileReference; lastKnownFileType = sourcecode.c.h; path = AppDelegate.h; sourceTree = "<group>"; };
		047FB9EA170F42D500126DBD /* AppDelegate.m */ = {isa = PBXFileReference; lastKnownFileType = sourcecode.c.objc; path = AppDelegate.m; sourceTree = "<group>"; };
		047FB9EC170F42D600126DBD /* ViewController.h */ = {isa = PBXFileReference; lastKnownFileType = sourcecode.c.h; path = ViewController.h; sourceTree = "<group>"; };
		047FB9ED170F42D600126DBD /* ViewController.m */ = {isa = PBXFileReference; lastKnownFileType = sourcecode.c.objc; path = ViewController.m; sourceTree = "<group>"; };
		047FB9F0170F42D600126DBD /* en */ = {isa = PBXFileReference; lastKnownFileType = file.xib; name = en; path = en.lproj/ViewController.xib; sourceTree = "<group>"; };
		04F7C1061712D95A008D6EF4 /* DropboxSDK.framework */ = {isa = PBXFileReference; lastKnownFileType = wrapper.framework; path = DropboxSDK.framework; sourceTree = "<group>"; };
		04F7C1091712D973008D6EF4 /* Security.framework */ = {isa = PBXFileReference; lastKnownFileType = wrapper.framework; name = Security.framework; path = System/Library/Frameworks/Security.framework; sourceTree = SDKROOT; };
		04F7C10B1712D97C008D6EF4 /* QuartzCore.framework */ = {isa = PBXFileReference; lastKnownFileType = wrapper.framework; name = QuartzCore.framework; path = System/Library/Frameworks/QuartzCore.framework; sourceTree = SDKROOT; };
/* End PBXFileReference section */

/* Begin PBXFrameworksBuildPhase section */
		047FB9D3170F42D500126DBD /* Frameworks */ = {
			isa = PBXFrameworksBuildPhase;
			buildActionMask = 2147483647;
			files = (
				04F7C10C1712D97C008D6EF4 /* QuartzCore.framework in Frameworks */,
				04F7C10A1712D974008D6EF4 /* Security.framework in Frameworks */,
				047FB9DB170F42D500126DBD /* UIKit.framework in Frameworks */,
				047FB9DD170F42D500126DBD /* Foundation.framework in Frameworks */,
				047FB9DF170F42D500126DBD /* CoreGraphics.framework in Frameworks */,
				04F7C1071712D95B008D6EF4 /* DropboxSDK.framework in Frameworks */,
			);
			runOnlyForDeploymentPostprocessing = 0;
		};
/* End PBXFrameworksBuildPhase section */

/* Begin PBXGroup section */
		047FB9CB170F42D500126DBD = {
			isa = PBXGroup;
			children = (
				047FB9E0170F42D500126DBD /* endbox */,
				047FB9D9170F42D500126DBD /* Frameworks */,
				047FB9D7170F42D500126DBD /* Products */,
			);
			sourceTree = "<group>";
		};
		047FB9D7170F42D500126DBD /* Products */ = {
			isa = PBXGroup;
			children = (
				047FB9D6170F42D500126DBD /* endbox.app */,
			);
			name = Products;
			sourceTree = "<group>";
		};
		047FB9D9170F42D500126DBD /* Frameworks */ = {
			isa = PBXGroup;
			children = (
				04F7C10B1712D97C008D6EF4 /* QuartzCore.framework */,
				04F7C1091712D973008D6EF4 /* Security.framework */,
				04F7C1061712D95A008D6EF4 /* DropboxSDK.framework */,
				047FB9DA170F42D500126DBD /* UIKit.framework */,
				047FB9DC170F42D500126DBD /* Foundation.framework */,
				047FB9DE170F42D500126DBD /* CoreGraphics.framework */,
			);
			name = Frameworks;
			sourceTree = "<group>";
		};
		047FB9E0170F42D500126DBD /* endbox */ = {
			isa = PBXGroup;
			children = (
				047FB9E9170F42D500126DBD /* AppDelegate.h */,
				047FB9EA170F42D500126DBD /* AppDelegate.m */,
				047FB9EC170F42D600126DBD /* ViewController.h */,
				047FB9ED170F42D600126DBD /* ViewController.m */,
				047FB9EF170F42D600126DBD /* ViewController.xib */,
				047FB9E1170F42D500126DBD /* Supporting Files */,
			);
			path = endbox;
			sourceTree = "<group>";
		};
		047FB9E1170F42D500126DBD /* Supporting Files */ = {
			isa = PBXGroup;
			children = (
				047CAFA6171311E500391308 /* File.png */,
				047CAFA7171311E500391308 /* Folder.png */,
				047CAFA8171311E500391308 /* FolderInternet.png */,
				047CAFA9171311E500391308 /* FileLocked.png */,
				047FB9E2170F42D500126DBD /* endbox-Info.plist */,
				047FB9E3170F42D500126DBD /* InfoPlist.strings */,
				047FB9E6170F42D500126DBD /* main.m */,
				047FB9E8170F42D500126DBD /* endbox-Prefix.pch */,
			);
			name = "Supporting Files";
			sourceTree = "<group>";
		};
/* End PBXGroup section */

/* Begin PBXNativeTarget section */
		047FB9D5170F42D500126DBD /* endbox */ = {
			isa = PBXNativeTarget;
			buildConfigurationList = 047FB9F4170F42D600126DBD /* Build configuration list for PBXNativeTarget "endbox" */;
			buildPhases = (
				047FB9D2170F42D500126DBD /* Sources */,
				047FB9D3170F42D500126DBD /* Frameworks */,
				047FB9D4170F42D500126DBD /* Resources */,
			);
			buildRules = (
			);
			dependencies = (
			);
			name = endbox;
			productName = endbox;
			productReference = 047FB9D6170F42D500126DBD /* endbox.app */;
			productType = "com.apple.product-type.application";
		};
/* End PBXNativeTarget section */

/* Begin PBXProject section */
		047FB9CD170F42D500126DBD /* Project object */ = {
			isa = PBXProject;
			attributes = {
				LastUpgradeCheck = 0420;
			};
			buildConfigurationList = 047FB9D0170F42D500126DBD /* Build configuration list for PBXProject "endbox" */;
			compatibilityVersion = "Xcode 3.2";
			developmentRegion = English;
			hasScannedForEncodings = 0;
			knownRegions = (
				en,
			);
			mainGroup = 047FB9CB170F42D500126DBD;
			productRefGroup = 047FB9D7170F42D500126DBD /* Products */;
			projectDirPath = "";
			projectRoot = "";
			targets = (
				047FB9D5170F42D500126DBD /* endbox */,
			);
		};
/* End PBXProject section */

/* Begin PBXResourcesBuildPhase section */
		047FB9D4170F42D500126DBD /* Resources */ = {
			isa = PBXResourcesBuildPhase;
			buildActionMask = 2147483647;
			files = (
				047FB9E5170F42D500126DBD /* InfoPlist.strings in Resources */,
				047FB9F1170F42D600126DBD /* ViewController.xib in Resources */,
				047CAFAA171311E500391308 /* File.png in Resources */,
				047CAFAB171311E500391308 /* Folder.png in Resources */,
				047CAFAC171311E500391308 /* FolderInternet.png in Resources */,
				047CAFAD171311E500391308 /* FileLocked.png in Resources */,
			);
			runOnlyForDeploymentPostprocessing = 0;
		};
/* End PBXResourcesBuildPhase section */

/* Begin PBXSourcesBuildPhase section */
		047FB9D2170F42D500126DBD /* Sources */ = {
			isa = PBXSourcesBuildPhase;
			buildActionMask = 2147483647;
			files = (
				047FB9E7170F42D500126DBD /* main.m in Sources */,
				047FB9EB170F42D500126DBD /* AppDelegate.m in Sources */,
				047FB9EE170F42D600126DBD /* ViewController.m in Sources */,
			);
			runOnlyForDeploymentPostprocessing = 0;
		};
/* End PBXSourcesBuildPhase section */

/* Begin PBXVariantGroup section */
		047FB9E3170F42D500126DBD /* InfoPlist.strings */ = {
			isa = PBXVariantGroup;
			children = (
				047FB9E4170F42D500126DBD /* en */,
			);
			name = InfoPlist.strings;
			sourceTree = "<group>";
		};
		047FB9EF170F42D600126DBD /* ViewController.xib */ = {
			isa = PBXVariantGroup;
			children = (
				047FB9F0170F42D600126DBD /* en */,
			);
			name = ViewController.xib;
			sourceTree = "<group>";
		};
/* End PBXVariantGroup section */

/* Begin XCBuildConfiguration section */
		047FB9F2170F42D600126DBD /* Debug */ = {
			isa = XCBuildConfiguration;
			buildSettings = {
				ALWAYS_SEARCH_USER_PATHS = NO;
				ARCHS = "$(ARCHS_STANDARD_32_BIT)";
				"CODE_SIGN_IDENTITY[sdk=iphoneos*]" = "iPhone Developer";
				COPY_PHASE_STRIP = NO;
				GCC_C_LANGUAGE_STANDARD = gnu99;
				GCC_DYNAMIC_NO_PIC = NO;
				GCC_OPTIMIZATION_LEVEL = 0;
				GCC_PREPROCESSOR_DEFINITIONS = (
					"DEBUG=1",
					"$(inherited)",
				);
				GCC_SYMBOLS_PRIVATE_EXTERN = NO;
				GCC_VERSION = com.apple.compilers.llvm.clang.1_0;
				GCC_WARN_ABOUT_MISSING_PROTOTYPES = YES;
				GCC_WARN_ABOUT_RETURN_TYPE = YES;
				GCC_WARN_UNUSED_VARIABLE = YES;
				IPHONEOS_DEPLOYMENT_TARGET = 5.0;
				SDKROOT = iphoneos;
			};
			name = Debug;
		};
		047FB9F3170F42D600126DBD /* Release */ = {
			isa = XCBuildConfiguration;
			buildSettings = {
				ALWAYS_SEARCH_USER_PATHS = NO;
				ARCHS = "$(ARCHS_STANDARD_32_BIT)";
				"CODE_SIGN_IDENTITY[sdk=iphoneos*]" = "iPhone Developer";
				COPY_PHASE_STRIP = YES;
				GCC_C_LANGUAGE_STANDARD = gnu99;
				GCC_VERSION = com.apple.compilers.llvm.clang.1_0;
				GCC_WARN_ABOUT_MISSING_PROTOTYPES = YES;
				GCC_WARN_ABOUT_RETURN_TYPE = YES;
				GCC_WARN_UNUSED_VARIABLE = YES;
				IPHONEOS_DEPLOYMENT_TARGET = 5.0;
				OTHER_CFLAGS = "-DNS_BLOCK_ASSERTIONS=1";
				SDKROOT = iphoneos;
				VALIDATE_PRODUCT = YES;
			};
			name = Release;
		};
		047FB9F5170F42D600126DBD /* Debug */ = {
			isa = XCBuildConfiguration;
			buildSettings = {
				FRAMEWORK_SEARCH_PATHS = (
					"$(inherited)",
					"\"$(SRCROOT)\"",
				);
				GCC_PRECOMPILE_PREFIX_HEADER = YES;
				GCC_PREFIX_HEADER = "endbox/endbox-Prefix.pch";
				INFOPLIST_FILE = "endbox/endbox-Info.plist";
				PRODUCT_NAME = "$(TARGET_NAME)";
				WRAPPER_EXTENSION = app;
			};
			name = Debug;
		};
		047FB9F6170F42D600126DBD /* Release */ = {
			isa = XCBuildConfiguration;
			buildSettings = {
				FRAMEWORK_SEARCH_PATHS = (
					"$(inherited)",
					"\"$(SRCROOT)\"",
				);
				GCC_PRECOMPILE_PREFIX_HEADER = YES;
				GCC_PREFIX_HEADER = "endbox/endbox-Prefix.pch";
				INFOPLIST_FILE = "endbox/endbox-Info.plist";
				PRODUCT_NAME = "$(TARGET_NAME)";
				WRAPPER_EXTENSION = app;
			};
			name = Release;
		};
/* End XCBuildConfiguration section */

/* Begin XCConfigurationList section */
		047FB9D0170F42D500126DBD /* Build configuration list for PBXProject "endbox" */ = {
			isa = XCConfigurationList;
			buildConfigurations = (
				047FB9F2170F42D600126DBD /* Debug */,
				047FB9F3170F42D600126DBD /* Release */,
			);
			defaultConfigurationIsVisible = 0;
			defaultConfigurationName = Release;
		};
		047FB9F4170F42D600126DBD /* Build configuration list for PBXNativeTarget "endbox" */ = {
			isa = XCConfigurationList;
			buildConfigurations = (
				047FB9F5170F42D600126DBD /* Debug */,
				047FB9F6170F42D600126DBD /* Release */,
			);
			defaultConfigurationIsVisible = 0;
			defaultConfigurationName = Release;
		};
/* End XCConfigurationList section */
	};
	rootObject = 047FB9CD170F42D500126DBD /* Project object */;
}
